<?xml version="1.0" encoding="utf-8"?>
<Project ToolsVersion="4.0" xmlns="http://schemas.microsoft.com/developer/msbuild/2003">
  <ItemGroup>
    <Filter Include="resource">
      <UniqueIdentifier>{81a022a3-78ef-4025-a845-1c0c03575faa}</UniqueIdentifier>
      <Extensions>rc;ico;cur;bmp;dlg;rc2;rct;bin;rgs;jpg;jpeg;jpe;png;manifest</Extensions>
    </Filter>
    <Filter Include="classes">
      <UniqueIdentifier>{6cb8c18e-a701-45bc-882f-7a42dc15db3b}</UniqueIdentifier>
    </Filter>
    <Filter Include="win32">
      <UniqueIdentifier>{832bf9db-804f-418c-8e0d-e9e8f523428f}</UniqueIdentifier>
    </Filter>
    <Filter Include="resource\steven">
      <UniqueIdentifier>{aae5e5ad-d593-444a-8017-10462516d00b}</UniqueIdentifier>
    </Filter>
    <Filter Include="resource\hill">
      <UniqueIdentifier>{b2ef85ee-3bcb-4cfa-8a66-18dbe3d288a3}</UniqueIdentifier>
    </Filter>
    <Filter Include="resource\item">
      <UniqueIdentifier>{540e30da-7e13-4d44-904f-37f9599c9bcc}</UniqueIdentifier>
    </Filter>
  </ItemGroup>
  <ItemGroup>
    <None Include="res\SkiHigh.ico">
      <Filter>resource</Filter>
    </None>
    <None Include="..\Resources\CloseSelected.png">
      <Filter>resource</Filter>
    </None>
    <None Include="..\Resources\CloseNormal.png">
      <Filter>resource</Filter>
    </None>
    <None Include="..\Resources\HelloWorld.png">
      <Filter>resource</Filter>
    </None>
    <None Include="..\Resources\hill\SnowHill_2.xml">
      <Filter>resource\hill</Filter>
    </None>
    <None Include="..\Resources\hill\SnowHill_2.png">
      <Filter>resource\hill</Filter>
    </None>
    <None Include="..\Resources\steven\steven.plist">
      <Filter>resource\steven</Filter>
    </None>
    <None Include="..\Resources\steven\steven.png">
      <Filter>resource\steven</Filter>
    </None>
    <None Include="..\Resources\item\coin.png">
      <Filter>resource\item</Filter>
    </None>
  </ItemGroup>
  <ItemGroup>
    <ResourceCompile Include="SkiHigh.rc">
      <Filter>resource</Filter>
    </ResourceCompile>
  </ItemGroup>
  <ItemGroup>
    <ClInclude Include="..\Classes\AppDelegate.h">
      <Filter>classes</Filter>
    </ClInclude>
    <ClInclude Include="resource.h">
      <Filter>win32</Filter>
    </ClInclude>
    <ClInclude Include="main.h">
      <Filter>win32</Filter>
    </ClInclude>
    <ClInclude Include="..\Classes\SkiHighLayer.h">
      <Filter>classes</Filter>
    </ClInclude>
    <ClInclude Include="..\Classes\Global.h">
      <Filter>classes</Filter>
    </ClInclude>
    <ClInclude Include="..\Classes\Steven.h">
      <Filter>classes</Filter>
    </ClInclude>
    <ClInclude Include="..\Classes\PhysicData.h">
      <Filter>classes</Filter>
    </ClInclude>
    <ClInclude Include="..\Classes\tinyxml2.h">
      <Filter>classes</Filter>
    </ClInclude>
    <ClInclude Include="..\Classes\Scene.h">
      <Filter>classes</Filter>
    </ClInclude>
    <ClInclude Include="..\Classes\SceneManage.h">
      <Filter>classes</Filter>
    </ClInclude>
    <ClInclude Include="..\Classes\GLES-Render.h">
      <Filter>classes</Filter>
    </ClInclude>
    <ClInclude Include="..\Classes\VisibleRect.h">
      <Filter>classes</Filter>
    </ClInclude>
    <ClInclude Include="..\Classes\b2Helper.h">
      <Filter>classes</Filter>
    </ClInclude>
    <ClInclude Include="..\Classes\GameController.h">
      <Filter>classes</Filter>
    </ClInclude>
    <ClInclude Include="..\Classes\HelloWorldScene.h">
      <Filter>classes</Filter>
    </ClInclude>
    <ClInclude Include="..\Classes\StevenContactListener.h">
      <Filter>classes</Filter>
    </ClInclude>
    <ClInclude Include="..\Classes\LoadAnimation.h">
      <Filter>classes</Filter>
    </ClInclude>
    <ClInclude Include="..\Classes\Coin.h">
      <Filter>classes</Filter>
    </ClInclude>
    <ClInclude Include="..\Classes\DoItLater.h">
      <Filter>classes</Filter>
    </ClInclude>
    <ClInclude Include="..\Classes\WeakRefDict.h">
      <Filter>classes</Filter>
    </ClInclude>
    <ClInclude Include="..\Classes\hash.h">
      <Filter>classes</Filter>
    </ClInclude>
  </ItemGroup>
  <ItemGroup>
    <ClCompile Include="..\Classes\AppDelegate.cpp">
      <Filter>classes</Filter>
    </ClCompile>
    <ClCompile Include="main.cpp">
      <Filter>win32</Filter>
    </ClCompile>
    <ClCompile Include="..\Classes\SkiHighLayer.cpp">
      <Filter>classes</Filter>
    </ClCompile>
    <ClCompile Include="..\Classes\Global.cpp">
      <Filter>classes</Filter>
    </ClCompile>
    <ClCompile Include="..\Classes\Steven.cpp">
      <Filter>classes</Filter>
    </ClCompile>
    <ClCompile Include="..\Classes\PhysicData.cpp">
      <Filter>classes</Filter>
    </ClCompile>
    <ClCompile Include="..\Classes\tinyxml2.cpp">
      <Filter>classes</Filter>
    </ClCompile>
    <ClCompile Include="..\Classes\Scene.cpp">
      <Filter>classes</Filter>
    </ClCompile>
    <ClCompile Include="..\Classes\SceneManage.cpp">
      <Filter>classes</Filter>
    </ClCompile>
    <ClCompile Include="..\Classes\GLES-Render.cpp">
      <Filter>classes</Filter>
    </ClCompile>
    <ClCompile Include="..\Classes\VisibleRect.cpp">
      <Filter>classes</Filter>
    </ClCompile>
    <ClCompile Include="..\Classes\b2Helper.cpp">
      <Filter>classes</Filter>
    </ClCompile>
    <ClCompile Include="..\Classes\GameController.cpp">
      <Filter>classes</Filter>
    </ClCompile>
    <ClCompile Include="..\Classes\HelloWorldScene.cpp">
      <Filter>classes</Filter>
    </ClCompile>
    <ClCompile Include="..\Classes\StevenContactListener.cpp">
      <Filter>classes</Filter>
    </ClCompile>
    <ClCompile Include="..\Classes\LoadAnimation.cpp">
      <Filter>classes</Filter>
    </ClCompile>
    <ClCompile Include="..\Classes\Coin.cpp">
      <Filter>classes</Filter>
    </ClCompile>
    <ClCompile Include="..\Classes\DoItLater.cpp">
      <Filter>classes</Filter>
    </ClCompile>
    <ClCompile Include="..\Classes\WeakRefDict.cpp">
      <Filter>classes</Filter>
    </ClCompile>
    <ClCompile Include="..\Classes\hash.c">
      <Filter>classes</Filter>
    </ClCompile>
  </ItemGroup>
  <ItemGroup>
    <Library Include="..\..\..\Visual Leak Detector\lib\Win32\vld.lib" />
  </ItemGroup>
</Project>